// !$*UTF8*$!
{
	archiveVersion = 1;
	classes = {
	};
	objectVersion = 52;
	objects = {

/* Begin PBXBuildFile section */
		C008D00925D88BFD0006E4A7 /* MarvelAppApp.swift in Sources */ = {isa = PBXBuildFile; fileRef = C008CFF625D88BFB0006E4A7 /* MarvelAppApp.swift */; };
		C008D00A25D88BFD0006E4A7 /* MarvelAppApp.swift in Sources */ = {isa = PBXBuildFile; fileRef = C008CFF625D88BFB0006E4A7 /* MarvelAppApp.swift */; };
		C008D00B25D88BFD0006E4A7 /* ContentView.swift in Sources */ = {isa = PBXBuildFile; fileRef = C008CFF725D88BFB0006E4A7 /* ContentView.swift */; };
		C008D00C25D88BFD0006E4A7 /* ContentView.swift in Sources */ = {isa = PBXBuildFile; fileRef = C008CFF725D88BFB0006E4A7 /* ContentView.swift */; };
		C008D00D25D88BFE0006E4A7 /* Assets.xcassets in Resources */ = {isa = PBXBuildFile; fileRef = C008CFF825D88BFD0006E4A7 /* Assets.xcassets */; };
		C008D00E25D88BFE0006E4A7 /* Assets.xcassets in Resources */ = {isa = PBXBuildFile; fileRef = C008CFF825D88BFD0006E4A7 /* Assets.xcassets */; };
		C008D01F25D946B70006E4A7 /* ViewModel.swift in Sources */ = {isa = PBXBuildFile; fileRef = C008D01E25D946B70006E4A7 /* ViewModel.swift */; };
		C008D02025D946B70006E4A7 /* ViewModel.swift in Sources */ = {isa = PBXBuildFile; fileRef = C008D01E25D946B70006E4A7 /* ViewModel.swift */; };
		C008D02D25D9590F0006E4A7 /* Items.swift in Sources */ = {isa = PBXBuildFile; fileRef = C008D02325D9590F0006E4A7 /* Items.swift */; };
		C008D02E25D9590F0006E4A7 /* Items.swift in Sources */ = {isa = PBXBuildFile; fileRef = C008D02325D9590F0006E4A7 /* Items.swift */; };
		C008D02F25D9590F0006E4A7 /* Data.swift in Sources */ = {isa = PBXBuildFile; fileRef = C008D02425D9590F0006E4A7 /* Data.swift */; };
		C008D03025D9590F0006E4A7 /* Data.swift in Sources */ = {isa = PBXBuildFile; fileRef = C008D02425D9590F0006E4A7 /* Data.swift */; };
		C008D03125D9590F0006E4A7 /* CharactersModel.swift in Sources */ = {isa = PBXBuildFile; fileRef = C008D02525D9590F0006E4A7 /* CharactersModel.swift */; };
		C008D03225D9590F0006E4A7 /* CharactersModel.swift in Sources */ = {isa = PBXBuildFile; fileRef = C008D02525D9590F0006E4A7 /* CharactersModel.swift */; };
		C008D03325D9590F0006E4A7 /* Series.swift in Sources */ = {isa = PBXBuildFile; fileRef = C008D02625D9590F0006E4A7 /* Series.swift */; };
		C008D03425D9590F0006E4A7 /* Series.swift in Sources */ = {isa = PBXBuildFile; fileRef = C008D02625D9590F0006E4A7 /* Series.swift */; };
		C008D03525D9590F0006E4A7 /* Stories.swift in Sources */ = {isa = PBXBuildFile; fileRef = C008D02725D9590F0006E4A7 /* Stories.swift */; };
		C008D03625D9590F0006E4A7 /* Stories.swift in Sources */ = {isa = PBXBuildFile; fileRef = C008D02725D9590F0006E4A7 /* Stories.swift */; };
		C008D03725D9590F0006E4A7 /* Thumbnail.swift in Sources */ = {isa = PBXBuildFile; fileRef = C008D02825D9590F0006E4A7 /* Thumbnail.swift */; };
		C008D03825D9590F0006E4A7 /* Thumbnail.swift in Sources */ = {isa = PBXBuildFile; fileRef = C008D02825D9590F0006E4A7 /* Thumbnail.swift */; };
		C008D03925D9590F0006E4A7 /* Urls.swift in Sources */ = {isa = PBXBuildFile; fileRef = C008D02925D9590F0006E4A7 /* Urls.swift */; };
		C008D03A25D9590F0006E4A7 /* Urls.swift in Sources */ = {isa = PBXBuildFile; fileRef = C008D02925D9590F0006E4A7 /* Urls.swift */; };
		C008D03B25D9590F0006E4A7 /* Events.swift in Sources */ = {isa = PBXBuildFile; fileRef = C008D02A25D9590F0006E4A7 /* Events.swift */; };
		C008D03C25D9590F0006E4A7 /* Events.swift in Sources */ = {isa = PBXBuildFile; fileRef = C008D02A25D9590F0006E4A7 /* Events.swift */; };
		C008D03D25D9590F0006E4A7 /* Results.swift in Sources */ = {isa = PBXBuildFile; fileRef = C008D02B25D9590F0006E4A7 /* Results.swift */; };
		C008D03E25D9590F0006E4A7 /* Results.swift in Sources */ = {isa = PBXBuildFile; fileRef = C008D02B25D9590F0006E4A7 /* Results.swift */; };
		C008D03F25D9590F0006E4A7 /* Comics.swift in Sources */ = {isa = PBXBuildFile; fileRef = C008D02C25D9590F0006E4A7 /* Comics.swift */; };
		C008D04025D9590F0006E4A7 /* Comics.swift in Sources */ = {isa = PBXBuildFile; fileRef = C008D02C25D9590F0006E4A7 /* Comics.swift */; };
		C008D04E25D984570006E4A7 /* SDWebImageSwiftUI in Frameworks */ = {isa = PBXBuildFile; productRef = C008D04D25D984570006E4A7 /* SDWebImageSwiftUI */; };
		C008D05225D9C6040006E4A7 /* CharacterDetails.swift in Sources */ = {isa = PBXBuildFile; fileRef = C008D05125D9C6040006E4A7 /* CharacterDetails.swift */; };
		C008D05325D9C6040006E4A7 /* CharacterDetails.swift in Sources */ = {isa = PBXBuildFile; fileRef = C008D05125D9C6040006E4A7 /* CharacterDetails.swift */; };
		C008D05C25D9C6940006E4A7 /* CharacterCell.swift in Sources */ = {isa = PBXBuildFile; fileRef = C008D05B25D9C6940006E4A7 /* CharacterCell.swift */; };
		C008D05D25D9C6940006E4A7 /* CharacterCell.swift in Sources */ = {isa = PBXBuildFile; fileRef = C008D05B25D9C6940006E4A7 /* CharacterCell.swift */; };
		C008D06125D9C6B90006E4A7 /* MainLazyGrid.swift in Sources */ = {isa = PBXBuildFile; fileRef = C008D06025D9C6B90006E4A7 /* MainLazyGrid.swift */; };
		C008D06225D9C6B90006E4A7 /* MainLazyGrid.swift in Sources */ = {isa = PBXBuildFile; fileRef = C008D06025D9C6B90006E4A7 /* MainLazyGrid.swift */; };
/* End PBXBuildFile section */

/* Begin PBXFileReference section */
		C008CFF625D88BFB0006E4A7 /* MarvelAppApp.swift */ = {isa = PBXFileReference; lastKnownFileType = sourcecode.swift; path = MarvelAppApp.swift; sourceTree = "<group>"; };
		C008CFF725D88BFB0006E4A7 /* ContentView.swift */ = {isa = PBXFileReference; lastKnownFileType = sourcecode.swift; path = ContentView.swift; sourceTree = "<group>"; };
		C008CFF825D88BFD0006E4A7 /* Assets.xcassets */ = {isa = PBXFileReference; lastKnownFileType = folder.assetcatalog; path = Assets.xcassets; sourceTree = "<group>"; };
		C008CFFD25D88BFD0006E4A7 /* MarvelApp.app */ = {isa = PBXFileReference; explicitFileType = wrapper.application; includeInIndex = 0; path = MarvelApp.app; sourceTree = BUILT_PRODUCTS_DIR; };
		C008D00025D88BFD0006E4A7 /* Info.plist */ = {isa = PBXFileReference; lastKnownFileType = text.plist.xml; path = Info.plist; sourceTree = "<group>"; };
		C008D00525D88BFD0006E4A7 /* MarvelApp.app */ = {isa = PBXFileReference; explicitFileType = wrapper.application; includeInIndex = 0; path = MarvelApp.app; sourceTree = BUILT_PRODUCTS_DIR; };
		C008D00725D88BFD0006E4A7 /* Info.plist */ = {isa = PBXFileReference; lastKnownFileType = text.plist.xml; path = Info.plist; sourceTree = "<group>"; };
		C008D00825D88BFD0006E4A7 /* macOS.entitlements */ = {isa = PBXFileReference; lastKnownFileType = text.plist.entitlements; path = macOS.entitlements; sourceTree = "<group>"; };
		C008D01E25D946B70006E4A7 /* ViewModel.swift */ = {isa = PBXFileReference; lastKnownFileType = sourcecode.swift; path = ViewModel.swift; sourceTree = "<group>"; };
		C008D02325D9590F0006E4A7 /* Items.swift */ = {isa = PBXFileReference; fileEncoding = 4; lastKnownFileType = sourcecode.swift; path = Items.swift; sourceTree = "<group>"; };
		C008D02425D9590F0006E4A7 /* Data.swift */ = {isa = PBXFileReference; fileEncoding = 4; lastKnownFileType = sourcecode.swift; path = Data.swift; sourceTree = "<group>"; };
		C008D02525D9590F0006E4A7 /* CharactersModel.swift */ = {isa = PBXFileReference; fileEncoding = 4; lastKnownFileType = sourcecode.swift; path = CharactersModel.swift; sourceTree = "<group>"; };
		C008D02625D9590F0006E4A7 /* Series.swift */ = {isa = PBXFileReference; fileEncoding = 4; lastKnownFileType = sourcecode.swift; path = Series.swift; sourceTree = "<group>"; };
		C008D02725D9590F0006E4A7 /* Stories.swift */ = {isa = PBXFileReference; fileEncoding = 4; lastKnownFileType = sourcecode.swift; path = Stories.swift; sourceTree = "<group>"; };
		C008D02825D9590F0006E4A7 /* Thumbnail.swift */ = {isa = PBXFileReference; fileEncoding = 4; lastKnownFileType = sourcecode.swift; path = Thumbnail.swift; sourceTree = "<group>"; };
		C008D02925D9590F0006E4A7 /* Urls.swift */ = {isa = PBXFileReference; fileEncoding = 4; lastKnownFileType = sourcecode.swift; path = Urls.swift; sourceTree = "<group>"; };
		C008D02A25D9590F0006E4A7 /* Events.swift */ = {isa = PBXFileReference; fileEncoding = 4; lastKnownFileType = sourcecode.swift; path = Events.swift; sourceTree = "<group>"; };
		C008D02B25D9590F0006E4A7 /* Results.swift */ = {isa = PBXFileReference; fileEncoding = 4; lastKnownFileType = sourcecode.swift; path = Results.swift; sourceTree = "<group>"; };
		C008D02C25D9590F0006E4A7 /* Comics.swift */ = {isa = PBXFileReference; fileEncoding = 4; lastKnownFileType = sourcecode.swift; path = Comics.swift; sourceTree = "<group>"; };
		C008D05125D9C6040006E4A7 /* CharacterDetails.swift */ = {isa = PBXFileReference; lastKnownFileType = sourcecode.swift; path = CharacterDetails.swift; sourceTree = "<group>"; };
		C008D05B25D9C6940006E4A7 /* CharacterCell.swift */ = {isa = PBXFileReference; lastKnownFileType = sourcecode.swift; path = CharacterCell.swift; sourceTree = "<group>"; };
		C008D06025D9C6B90006E4A7 /* MainLazyGrid.swift */ = {isa = PBXFileReference; lastKnownFileType = sourcecode.swift; path = MainLazyGrid.swift; sourceTree = "<group>"; };
/* End PBXFileReference section */

/* Begin PBXFrameworksBuildPhase section */
		C008CFFA25D88BFD0006E4A7 /* Frameworks */ = {
			isa = PBXFrameworksBuildPhase;
			buildActionMask = 2147483647;
			files = (
				C008D04E25D984570006E4A7 /* SDWebImageSwiftUI in Frameworks */,
			);
			runOnlyForDeploymentPostprocessing = 0;
		};
		C008D00225D88BFD0006E4A7 /* Frameworks */ = {
			isa = PBXFrameworksBuildPhase;
			buildActionMask = 2147483647;
			files = (
			);
			runOnlyForDeploymentPostprocessing = 0;
		};
/* End PBXFrameworksBuildPhase section */

/* Begin PBXGroup section */
		C008CFF025D88BFB0006E4A7 = {
			isa = PBXGroup;
			children = (
				C008CFF525D88BFB0006E4A7 /* Shared */,
				C008CFFF25D88BFD0006E4A7 /* iOS */,
				C008D00625D88BFD0006E4A7 /* macOS */,
				C008CFFE25D88BFD0006E4A7 /* Products */,
			);
			sourceTree = "<group>";
		};
		C008CFF525D88BFB0006E4A7 /* Shared */ = {
			isa = PBXGroup;
			children = (
				C008CFF625D88BFB0006E4A7 /* MarvelAppApp.swift */,
				C008D05625D9C6280006E4A7 /* View */,
				C008CFF825D88BFD0006E4A7 /* Assets.xcassets */,
				C008D04325D95A140006E4A7 /* Model */,
				C008D01E25D946B70006E4A7 /* ViewModel.swift */,
			);
			path = Shared;
			sourceTree = "<group>";
		};
		C008CFFE25D88BFD0006E4A7 /* Products */ = {
			isa = PBXGroup;
			children = (
				C008CFFD25D88BFD0006E4A7 /* MarvelApp.app */,
				C008D00525D88BFD0006E4A7 /* MarvelApp.app */,
			);
			name = Products;
			sourceTree = "<group>";
		};
		C008CFFF25D88BFD0006E4A7 /* iOS */ = {
			isa = PBXGroup;
			children = (
				C008D00025D88BFD0006E4A7 /* Info.plist */,
			);
			path = iOS;
			sourceTree = "<group>";
		};
		C008D00625D88BFD0006E4A7 /* macOS */ = {
			isa = PBXGroup;
			children = (
				C008D00725D88BFD0006E4A7 /* Info.plist */,
				C008D00825D88BFD0006E4A7 /* macOS.entitlements */,
			);
			path = macOS;
			sourceTree = "<group>";
		};
		C008D04325D95A140006E4A7 /* Model */ = {
			isa = PBXGroup;
			children = (
				C008D02C25D9590F0006E4A7 /* Comics.swift */,
				C008D02425D9590F0006E4A7 /* Data.swift */,
				C008D02A25D9590F0006E4A7 /* Events.swift */,
				C008D02325D9590F0006E4A7 /* Items.swift */,
				C008D02525D9590F0006E4A7 /* CharactersModel.swift */,
				C008D02B25D9590F0006E4A7 /* Results.swift */,
				C008D02625D9590F0006E4A7 /* Series.swift */,
				C008D02725D9590F0006E4A7 /* Stories.swift */,
				C008D02825D9590F0006E4A7 /* Thumbnail.swift */,
				C008D02925D9590F0006E4A7 /* Urls.swift */,
			);
			path = Model;
			sourceTree = "<group>";
		};
		C008D05625D9C6280006E4A7 /* View */ = {
			isa = PBXGroup;
			children = (
				C008D05125D9C6040006E4A7 /* CharacterDetails.swift */,
				C008CFF725D88BFB0006E4A7 /* ContentView.swift */,
				C008D05B25D9C6940006E4A7 /* CharacterCell.swift */,
				C008D06025D9C6B90006E4A7 /* MainLazyGrid.swift */,
			);
			path = View;
			sourceTree = "<group>";
		};
/* End PBXGroup section */

/* Begin PBXNativeTarget section */
		C008CFFC25D88BFD0006E4A7 /* MarvelApp (iOS) */ = {
			isa = PBXNativeTarget;
			buildConfigurationList = C008D01125D88BFE0006E4A7 /* Build configuration list for PBXNativeTarget "MarvelApp (iOS)" */;
			buildPhases = (
				C008CFF925D88BFD0006E4A7 /* Sources */,
				C008CFFA25D88BFD0006E4A7 /* Frameworks */,
				C008CFFB25D88BFD0006E4A7 /* Resources */,
			);
			buildRules = (
			);
			dependencies = (
			);
			name = "MarvelApp (iOS)";
			packageProductDependencies = (
				C008D04D25D984570006E4A7 /* SDWebImageSwiftUI */,
			);
			productName = "MarvelApp (iOS)";
			productReference = C008CFFD25D88BFD0006E4A7 /* MarvelApp.app */;
			productType = "com.apple.product-type.application";
		};
		C008D00425D88BFD0006E4A7 /* MarvelApp (macOS) */ = {
			isa = PBXNativeTarget;
			buildConfigurationList = C008D01425D88BFE0006E4A7 /* Build configuration list for PBXNativeTarget "MarvelApp (macOS)" */;
			buildPhases = (
				C008D00125D88BFD0006E4A7 /* Sources */,
				C008D00225D88BFD0006E4A7 /* Frameworks */,
				C008D00325D88BFD0006E4A7 /* Resources */,
			);
			buildRules = (
			);
			dependencies = (
			);
			name = "MarvelApp (macOS)";
			productName = "MarvelApp (macOS)";
			productReference = C008D00525D88BFD0006E4A7 /* MarvelApp.app */;
			productType = "com.apple.product-type.application";
		};
/* End PBXNativeTarget section */

/* Begin PBXProject section */
		C008CFF125D88BFB0006E4A7 /* Project object */ = {
			isa = PBXProject;
			attributes = {
				LastSwiftUpdateCheck = 1240;
				LastUpgradeCheck = 1240;
				TargetAttributes = {
					C008CFFC25D88BFD0006E4A7 = {
						CreatedOnToolsVersion = 12.4;
					};
					C008D00425D88BFD0006E4A7 = {
						CreatedOnToolsVersion = 12.4;
					};
				};
			};
			buildConfigurationList = C008CFF425D88BFB0006E4A7 /* Build configuration list for PBXProject "MarvelApp" */;
			compatibilityVersion = "Xcode 9.3";
			developmentRegion = en;
			hasScannedForEncodings = 0;
			knownRegions = (
				en,
				Base,
			);
			mainGroup = C008CFF025D88BFB0006E4A7;
			packageReferences = (
				C008D04C25D984570006E4A7 /* XCRemoteSwiftPackageReference "SDWebImageSwiftUI" */,
			);
			productRefGroup = C008CFFE25D88BFD0006E4A7 /* Products */;
			projectDirPath = "";
			projectRoot = "";
			targets = (
				C008CFFC25D88BFD0006E4A7 /* MarvelApp (iOS) */,
				C008D00425D88BFD0006E4A7 /* MarvelApp (macOS) */,
			);
		};
/* End PBXProject section */

/* Begin PBXResourcesBuildPhase section */
		C008CFFB25D88BFD0006E4A7 /* Resources */ = {
			isa = PBXResourcesBuildPhase;
			buildActionMask = 2147483647;
			files = (
				C008D00D25D88BFE0006E4A7 /* Assets.xcassets in Resources */,
			);
			runOnlyForDeploymentPostprocessing = 0;
		};
		C008D00325D88BFD0006E4A7 /* Resources */ = {
			isa = PBXResourcesBuildPhase;
			buildActionMask = 2147483647;
			files = (
				C008D00E25D88BFE0006E4A7 /* Assets.xcassets in Resources */,
			);
			runOnlyForDeploymentPostprocessing = 0;
		};
/* End PBXResourcesBuildPhase section */

/* Begin PBXSourcesBuildPhase section */
		C008CFF925D88BFD0006E4A7 /* Sources */ = {
			isa = PBXSourcesBuildPhase;
			buildActionMask = 2147483647;
			files = (
				C008D05C25D9C6940006E4A7 /* CharacterCell.swift in Sources */,
				C008D05225D9C6040006E4A7 /* CharacterDetails.swift in Sources */,
				C008D03B25D9590F0006E4A7 /* Events.swift in Sources */,
				C008D03525D9590F0006E4A7 /* Stories.swift in Sources */,
				C008D02F25D9590F0006E4A7 /* Data.swift in Sources */,
				C008D03325D9590F0006E4A7 /* Series.swift in Sources */,
				C008D03925D9590F0006E4A7 /* Urls.swift in Sources */,
				C008D02D25D9590F0006E4A7 /* Items.swift in Sources */,
				C008D06125D9C6B90006E4A7 /* MainLazyGrid.swift in Sources */,
				C008D03F25D9590F0006E4A7 /* Comics.swift in Sources */,
				C008D00B25D88BFD0006E4A7 /* ContentView.swift in Sources */,
				C008D01F25D946B70006E4A7 /* ViewModel.swift in Sources */,
				C008D03D25D9590F0006E4A7 /* Results.swift in Sources */,
				C008D03125D9590F0006E4A7 /* CharactersModel.swift in Sources */,
				C008D03725D9590F0006E4A7 /* Thumbnail.swift in Sources */,
				C008D00925D88BFD0006E4A7 /* MarvelAppApp.swift in Sources */,
			);
			runOnlyForDeploymentPostprocessing = 0;
		};
		C008D00125D88BFD0006E4A7 /* Sources */ = {
			isa = PBXSourcesBuildPhase;
			buildActionMask = 2147483647;
			files = (
				C008D05D25D9C6940006E4A7 /* CharacterCell.swift in Sources */,
				C008D05325D9C6040006E4A7 /* CharacterDetails.swift in Sources */,
				C008D03C25D9590F0006E4A7 /* Events.swift in Sources */,
				C008D03625D9590F0006E4A7 /* Stories.swift in Sources */,
				C008D03025D9590F0006E4A7 /* Data.swift in Sources */,
				C008D03425D9590F0006E4A7 /* Series.swift in Sources */,
				C008D03A25D9590F0006E4A7 /* Urls.swift in Sources */,
				C008D02E25D9590F0006E4A7 /* Items.swift in Sources */,
				C008D06225D9C6B90006E4A7 /* MainLazyGrid.swift in Sources */,
				C008D04025D9590F0006E4A7 /* Comics.swift in Sources */,
				C008D00C25D88BFD0006E4A7 /* ContentView.swift in Sources */,
				C008D02025D946B70006E4A7 /* ViewModel.swift in Sources */,
				C008D03E25D9590F0006E4A7 /* Results.swift in Sources */,
				C008D03225D9590F0006E4A7 /* CharactersModel.swift in Sources */,
				C008D03825D9590F0006E4A7 /* Thumbnail.swift in Sources */,
				C008D00A25D88BFD0006E4A7 /* MarvelAppApp.swift in Sources */,
			);
			runOnlyForDeploymentPostprocessing = 0;
		};
/* End PBXSourcesBuildPhase section */

/* Begin XCBuildConfiguration section */
		C008D00F25D88BFE0006E4A7 /* Debug */ = {
			isa = XCBuildConfiguration;
			buildSettings = {
				ALWAYS_SEARCH_USER_PATHS = NO;
				CLANG_ANALYZER_NONNULL = YES;
				CLANG_ANALYZER_NUMBER_OBJECT_CONVERSION = YES_AGGRESSIVE;
				CLANG_CXX_LANGUAGE_STANDARD = "gnu++14";
				CLANG_CXX_LIBRARY = "libc++";
				CLANG_ENABLE_MODULES = YES;
				CLANG_ENABLE_OBJC_ARC = YES;
				CLANG_ENABLE_OBJC_WEAK = YES;
				CLANG_WARN_BLOCK_CAPTURE_AUTORELEASING = YES;
				CLANG_WARN_BOOL_CONVERSION = YES;
				CLANG_WARN_COMMA = YES;
				CLANG_WARN_CONSTANT_CONVERSION = YES;
				CLANG_WARN_DEPRECATED_OBJC_IMPLEMENTATIONS = YES;
				CLANG_WARN_DIRECT_OBJC_ISA_USAGE = YES_ERROR;
				CLANG_WARN_DOCUMENTATION_COMMENTS = YES;
				CLANG_WARN_EMPTY_BODY = YES;
				CLANG_WARN_ENUM_CONVERSION = YES;
				CLANG_WARN_INFINITE_RECURSION = YES;
				CLANG_WARN_INT_CONVERSION = YES;
				CLANG_WARN_NON_LITERAL_NULL_CONVERSION = YES;
				CLANG_WARN_OBJC_IMPLICIT_RETAIN_SELF = YES;
				CLANG_WARN_OBJC_LITERAL_CONVERSION = YES;
				CLANG_WARN_OBJC_ROOT_CLASS = YES_ERROR;
				CLANG_WARN_QUOTED_INCLUDE_IN_FRAMEWORK_HEADER = YES;
				CLANG_WARN_RANGE_LOOP_ANALYSIS = YES;
				CLANG_WARN_STRICT_PROTOTYPES = YES;
				CLANG_WARN_SUSPICIOUS_MOVE = YES;
				CLANG_WARN_UNGUARDED_AVAILABILITY = YES_AGGRESSIVE;
				CLANG_WARN_UNREACHABLE_CODE = YES;
				CLANG_WARN__DUPLICATE_METHOD_MATCH = YES;
				COPY_PHASE_STRIP = NO;
				DEBUG_INFORMATION_FORMAT = dwarf;
				ENABLE_STRICT_OBJC_MSGSEND = YES;
				ENABLE_TESTABILITY = YES;
				GCC_C_LANGUAGE_STANDARD = gnu11;
				GCC_DYNAMIC_NO_PIC = NO;
				GCC_NO_COMMON_BLOCKS = YES;
				GCC_OPTIMIZATION_LEVEL = 0;
				GCC_PREPROCESSOR_DEFINITIONS = (
					"DEBUG=1",
					"$(inherited)",
				);
				GCC_WARN_64_TO_32_BIT_CONVERSION = YES;
				GCC_WARN_ABOUT_RETURN_TYPE = YES_ERROR;
				GCC_WARN_UNDECLARED_SELECTOR = YES;
				GCC_WARN_UNINITIALIZED_AUTOS = YES_AGGRESSIVE;
				GCC_WARN_UNUSED_FUNCTION = YES;
				GCC_WARN_UNUSED_VARIABLE = YES;
				MTL_ENABLE_DEBUG_INFO = INCLUDE_SOURCE;
				MTL_FAST_MATH = YES;
				ONLY_ACTIVE_ARCH = YES;
				SWIFT_ACTIVE_COMPILATION_CONDITIONS = DEBUG;
				SWIFT_OPTIMIZATION_LEVEL = "-Onone";
			};
			name = Debug;
		};
		C008D01025D88BFE0006E4A7 /* Release */ = {
			isa = XCBuildConfiguration;
			buildSettings = {
				ALWAYS_SEARCH_USER_PATHS = NO;
				CLANG_ANALYZER_NONNULL = YES;
				CLANG_ANALYZER_NUMBER_OBJECT_CONVERSION = YES_AGGRESSIVE;
				CLANG_CXX_LANGUAGE_STANDARD = "gnu++14";
				CLANG_CXX_LIBRARY = "libc++";
				CLANG_ENABLE_MODULES = YES;
				CLANG_ENABLE_OBJC_ARC = YES;
				CLANG_ENABLE_OBJC_WEAK = YES;
				CLANG_WARN_BLOCK_CAPTURE_AUTORELEASING = YES;
				CLANG_WARN_BOOL_CONVERSION = YES;
				CLANG_WARN_COMMA = YES;
				CLANG_WARN_CONSTANT_CONVERSION = YES;
				CLANG_WARN_DEPRECATED_OBJC_IMPLEMENTATIONS = YES;
				CLANG_WARN_DIRECT_OBJC_ISA_USAGE = YES_ERROR;
				CLANG_WARN_DOCUMENTATION_COMMENTS = YES;
				CLANG_WARN_EMPTY_BODY = YES;
				CLANG_WARN_ENUM_CONVERSION = YES;
				CLANG_WARN_INFINITE_RECURSION = YES;
				CLANG_WARN_INT_CONVERSION = YES;
				CLANG_WARN_NON_LITERAL_NULL_CONVERSION = YES;
				CLANG_WARN_OBJC_IMPLICIT_RETAIN_SELF = YES;
				CLANG_WARN_OBJC_LITERAL_CONVERSION = YES;
				CLANG_WARN_OBJC_ROOT_CLASS = YES_ERROR;
				CLANG_WARN_QUOTED_INCLUDE_IN_FRAMEWORK_HEADER = YES;
				CLANG_WARN_RANGE_LOOP_ANALYSIS = YES;
				CLANG_WARN_STRICT_PROTOTYPES = YES;
				CLANG_WARN_SUSPICIOUS_MOVE = YES;
				CLANG_WARN_UNGUARDED_AVAILABILITY = YES_AGGRESSIVE;
				CLANG_WARN_UNREACHABLE_CODE = YES;
				CLANG_WARN__DUPLICATE_METHOD_MATCH = YES;
				COPY_PHASE_STRIP = NO;
				DEBUG_INFORMATION_FORMAT = "dwarf-with-dsym";
				ENABLE_NS_ASSERTIONS = NO;
				ENABLE_STRICT_OBJC_MSGSEND = YES;
				GCC_C_LANGUAGE_STANDARD = gnu11;
				GCC_NO_COMMON_BLOCKS = YES;
				GCC_WARN_64_TO_32_BIT_CONVERSION = YES;
				GCC_WARN_ABOUT_RETURN_TYPE = YES_ERROR;
				GCC_WARN_UNDECLARED_SELECTOR = YES;
				GCC_WARN_UNINITIALIZED_AUTOS = YES_AGGRESSIVE;
				GCC_WARN_UNUSED_FUNCTION = YES;
				GCC_WARN_UNUSED_VARIABLE = YES;
				MTL_ENABLE_DEBUG_INFO = NO;
				MTL_FAST_MATH = YES;
				SWIFT_COMPILATION_MODE = wholemodule;
				SWIFT_OPTIMIZATION_LEVEL = "-O";
			};
			name = Release;
		};
		C008D01225D88BFE0006E4A7 /* Debug */ = {
			isa = XCBuildConfiguration;
			buildSettings = {
				ASSETCATALOG_COMPILER_APPICON_NAME = AppIcon;
				ASSETCATALOG_COMPILER_GLOBAL_ACCENT_COLOR_NAME = AccentColor;
				CODE_SIGN_STYLE = Automatic;
				DEVELOPMENT_TEAM = 4C3TTPY562;
				ENABLE_PREVIEWS = YES;
				INFOPLIST_FILE = iOS/Info.plist;
				IPHONEOS_DEPLOYMENT_TARGET = 14.0;
				LD_RUNPATH_SEARCH_PATHS = (
					"$(inherited)",
					"@executable_path/Frameworks",
				);
				PRODUCT_BUNDLE_IDENTIFIER = com.julianoAlvarenga.MarvelApp;
				PRODUCT_NAME = MarvelApp;
				SDKROOT = iphoneos;
				SWIFT_VERSION = 5.0;
				TARGETED_DEVICE_FAMILY = "1,2";
			};
			name = Debug;
		};
		C008D01325D88BFE0006E4A7 /* Release */ = {
			isa = XCBuildConfiguration;
			buildSettings = {
				ASSETCATALOG_COMPILER_APPICON_NAME = AppIcon;
				ASSETCATALOG_COMPILER_GLOBAL_ACCENT_COLOR_NAME = AccentColor;
				CODE_SIGN_STYLE = Automatic;
				DEVELOPMENT_TEAM = 4C3TTPY562;
				ENABLE_PREVIEWS = YES;
				INFOPLIST_FILE = iOS/Info.plist;
				IPHONEOS_DEPLOYMENT_TARGET = 14.0;
				LD_RUNPATH_SEARCH_PATHS = (
					"$(inherited)",
					"@executable_path/Frameworks",
				);
				PRODUCT_BUNDLE_IDENTIFIER = com.julianoAlvarenga.MarvelApp;
				PRODUCT_NAME = MarvelApp;
				SDKROOT = iphoneos;
				SWIFT_VERSION = 5.0;
				TARGETED_DEVICE_FAMILY = "1,2";
				VALIDATE_PRODUCT = YES;
			};
			name = Release;
		};
		C008D01525D88BFE0006E4A7 /* Debug */ = {
			isa = XCBuildConfiguration;
			buildSettings = {
				ASSETCATALOG_COMPILER_APPICON_NAME = AppIcon;
				ASSETCATALOG_COMPILER_GLOBAL_ACCENT_COLOR_NAME = AccentColor;
				CODE_SIGN_ENTITLEMENTS = macOS/macOS.entitlements;
				CODE_SIGN_STYLE = Automatic;
				COMBINE_HIDPI_IMAGES = YES;
				DEVELOPMENT_TEAM = 4C3TTPY562;
				ENABLE_HARDENED_RUNTIME = YES;
				ENABLE_PREVIEWS = YES;
				INFOPLIST_FILE = macOS/Info.plist;
				LD_RUNPATH_SEARCH_PATHS = (
					"$(inherited)",
					"@executable_path/../Frameworks",
				);
				MACOSX_DEPLOYMENT_TARGET = 11.0;
				PRODUCT_BUNDLE_IDENTIFIER = com.julianoAlvarenga.MarvelApp;
				PRODUCT_NAME = MarvelApp;
				SDKROOT = macosx;
				SWIFT_VERSION = 5.0;
			};
			name = Debug;
		};
		C008D01625D88BFE0006E4A7 /* Release */ = {
			isa = XCBuildConfiguration;
			buildSettings = {
				ASSETCATALOG_COMPILER_APPICON_NAME = AppIcon;
				ASSETCATALOG_COMPILER_GLOBAL_ACCENT_COLOR_NAME = AccentColor;
				CODE_SIGN_ENTITLEMENTS = macOS/macOS.entitlements;
				CODE_SIGN_STYLE = Automatic;
				COMBINE_HIDPI_IMAGES = YES;
				DEVELOPMENT_TEAM = 4C3TTPY562;
				ENABLE_HARDENED_RUNTIME = YES;
				ENABLE_PREVIEWS = YES;
				INFOPLIST_FILE = macOS/Info.plist;
				LD_RUNPATH_SEARCH_PATHS = (
					"$(inherited)",
					"@executable_path/../Frameworks",
				);
				MACOSX_DEPLOYMENT_TARGET = 11.0;
				PRODUCT_BUNDLE_IDENTIFIER = com.julianoAlvarenga.MarvelApp;
				PRODUCT_NAME = MarvelApp;
				SDKROOT = macosx;
				SWIFT_VERSION = 5.0;
			};
			name = Release;
		};
/* End XCBuildConfiguration section */

/* Begin XCConfigurationList section */
		C008CFF425D88BFB0006E4A7 /* Build configuration list for PBXProject "MarvelApp" */ = {
			isa = XCConfigurationList;
			buildConfigurations = (
				C008D00F25D88BFE0006E4A7 /* Debug */,
				C008D01025D88BFE0006E4A7 /* Release */,
			);
			defaultConfigurationIsVisible = 0;
			defaultConfigurationName = Release;
		};
		C008D01125D88BFE0006E4A7 /* Build configuration list for PBXNativeTarget "MarvelApp (iOS)" */ = {
			isa = XCConfigurationList;
			buildConfigurations = (
				C008D01225D88BFE0006E4A7 /* Debug */,
				C008D01325D88BFE0006E4A7 /* Release */,
			);
			defaultConfigurationIsVisible = 0;
			defaultConfigurationName = Release;
		};
		C008D01425D88BFE0006E4A7 /* Build configuration list for PBXNativeTarget "MarvelApp (macOS)" */ = {
			isa = XCConfigurationList;
			buildConfigurations = (
				C008D01525D88BFE0006E4A7 /* Debug */,
				C008D01625D88BFE0006E4A7 /* Release */,
			);
			defaultConfigurationIsVisible = 0;
			defaultConfigurationName = Release;
		};
/* End XCConfigurationList section */

/* Begin XCRemoteSwiftPackageReference section */
		C008D04C25D984570006E4A7 /* XCRemoteSwiftPackageReference "SDWebImageSwiftUI" */ = {
			isa = XCRemoteSwiftPackageReference;
			repositoryURL = "https://github.com/SDWebImage/SDWebImageSwiftUI.git";
			requirement = {
				kind = upToNextMajorVersion;
				minimumVersion = 1.5.0;
			};
		};
/* End XCRemoteSwiftPackageReference section */

/* Begin XCSwiftPackageProductDependency section */
		C008D04D25D984570006E4A7 /* SDWebImageSwiftUI */ = {
			isa = XCSwiftPackageProductDependency;
			package = C008D04C25D984570006E4A7 /* XCRemoteSwiftPackageReference "SDWebImageSwiftUI" */;
			productName = SDWebImageSwiftUI;
		};
/* End XCSwiftPackageProductDependency section */
	};
	rootObject = C008CFF125D88BFB0006E4A7 /* Project object */;
}
